
Microsoft Visual Studio Solution File, Format Version 12.00
# Visual Studio Version 16
VisualStudioVersion = 16.0.31729.503
MinimumVisualStudioVersion = 10.0.40219.1
Project("{9A19103F-16F7-4668-BE54-9A1E7A4F7556}") = "ActionSourcing", "ActionSourcing\ActionSourcing.csproj", "{CA9DE386-8E07-4BC9-95B1-0A8AE2C11E72}"
EndProject
Project("{9A19103F-16F7-4668-BE54-9A1E7A4F7556}") = "ActionSourcing.DependencyInjection", "ActionSourcing.DependencyInjection\ActionSourcing.DependencyInjection.csproj", "{B01FBC69-19C4-4E71-8DCA-1CEFA56F1CD1}"
EndProject
Project("{2150E333-8FDC-42A3-9474-1A3956D46DE8}") = "Solution Items", "Solution Items", "{4AF333D2-C5C4-4E2D-A82B-E8A9F841B08A}"
	ProjectSection(SolutionItems) = preProject
		COPYING = COPYING
		COPYING.LESSER = COPYING.LESSER
		README.md = README.md
	EndProjectSection
EndProject
Project("{9A19103F-16F7-4668-BE54-9A1E7A4F7556}") = "ActionSourcing.ActionHashing", "ActionSourcing.Hashing\ActionSourcing.ActionHashing.csproj", "{366615E3-AD9B-4CEC-B3E1-D5FF434B64C7}"
EndProject
Global
	GlobalSection(SolutionConfigurationPlatforms) = preSolution
		Debug|Any CPU = Debug|Any CPU
		Release|Any CPU = Release|Any CPU
	EndGlobalSection
	GlobalSection(ProjectConfigurationPlatforms) = postSolution
		{CA9DE386-8E07-4BC9-95B1-0A8AE2C11E72}.Debug|Any CPU.ActiveCfg = Debug|Any CPU
		{CA9DE386-8E07-4BC9-95B1-0A8AE2C11E72}.Debug|Any CPU.Build.0 = Debug|Any CPU
		{CA9DE386-8E07-4BC9-95B1-0A8AE2C11E72}.Release|Any CPU.ActiveCfg = Release|Any CPU
		{CA9DE386-8E07-4BC9-95B1-0A8AE2C11E72}.Release|Any CPU.Build.0 = Release|Any CPU
		{B01FBC69-19C4-4E71-8DCA-1CEFA56F1CD1}.Debug|Any CPU.ActiveCfg = Debug|Any CPU
		{B01FBC69-19C4-4E71-8DCA-1CEFA56F1CD1}.Debug|Any CPU.Build.0 = Debug|Any CPU
		{B01FBC69-19C4-4E71-8DCA-1CEFA56F1CD1}.Release|Any CPU.ActiveCfg = Release|Any CPU
		{B01FBC69-19C4-4E71-8DCA-1CEFA56F1CD1}.Release|Any CPU.Build.0 = Release|Any CPU
		{366615E3-AD9B-4CEC-B3E1-D5FF434B64C7}.Debug|Any CPU.ActiveCfg = Debug|Any CPU
		{366615E3-AD9B-4CEC-B3E1-D5FF434B64C7}.Debug|Any CPU.Build.0 = Debug|Any CPU
		{366615E3-AD9B-4CEC-B3E1-D5FF434B64C7}.Release|Any CPU.ActiveCfg = Release|Any CPU
		{366615E3-AD9B-4CEC-B3E1-D5FF434B64C7}.Release|Any CPU.Build.0 = Release|Any CPU
	EndGlobalSection
	GlobalSection(SolutionProperties) = preSolution
		HideSolutionNode = FALSE
	EndGlobalSection
	GlobalSection(ExtensibilityGlobals) = postSolution
		SolutionGuid = {861EB856-196B-43F7-9A30-65419C7C5AF2}
	EndGlobalSection
EndGlobal
